
Microsoft Visual Studio Solution File, Format Version 12.00
# Visual Studio Version 17
VisualStudioVersion = 17.11.35208.52
MinimumVisualStudioVersion = 10.0.40219.1
Project("{9A19103F-16F7-4668-BE54-9A1E7A4F7556}") = "Milestone6", "Milestone7\Milestone6.csproj", "{FB98378A-934C-4238-911D-91D505030ABD}"
EndProject
Global
	GlobalSection(SolutionConfigurationPlatforms) = preSolution
		Debug|Any CPU = Debug|Any CPU
		Release|Any CPU = Release|Any CPU
	EndGlobalSection
	GlobalSection(ProjectConfigurationPlatforms) = postSolution
		{FB98378A-934C-4238-911D-91D505030ABD}.Debug|Any CPU.ActiveCfg = Debug|Any CPU
		{FB98378A-934C-4238-911D-91D505030ABD}.Debug|Any CPU.Build.0 = Debug|Any CPU
		{FB98378A-934C-4238-911D-91D505030ABD}.Release|Any CPU.ActiveCfg = Release|Any CPU
		{FB98378A-934C-4238-911D-91D505030ABD}.Release|Any CPU.Build.0 = Release|Any CPU
	EndGlobalSection
	GlobalSection(SolutionProperties) = preSolution
		HideSolutionNode = FALSE
	EndGlobalSection
	GlobalSection(ExtensibilityGlobals) = postSolution
		SolutionGuid = {3B50C54E-FC9B-403F-999A-86417C6AF1D7}
	EndGlobalSection
EndGlobal
