
Microsoft Visual Studio Solution File, Format Version 12.00
# Visual Studio Version 17
VisualStudioVersion = 17.11.35208.52
MinimumVisualStudioVersion = 10.0.40219.1
Project("{FAE04EC0-301F-11D3-BF4B-00C04F79EFBC}") = "Milestone4", "Milestone4\Milestone4.csproj", "{D8BAEBDD-CEB3-4F63-A0E2-840736D30E20}"
EndProject
Global
	GlobalSection(SolutionConfigurationPlatforms) = preSolution
		Debug|Any CPU = Debug|Any CPU
		Release|Any CPU = Release|Any CPU
	EndGlobalSection
	GlobalSection(ProjectConfigurationPlatforms) = postSolution
		{D8BAEBDD-CEB3-4F63-A0E2-840736D30E20}.Debug|Any CPU.ActiveCfg = Debug|Any CPU
		{D8BAEBDD-CEB3-4F63-A0E2-840736D30E20}.Debug|Any CPU.Build.0 = Debug|Any CPU
		{D8BAEBDD-CEB3-4F63-A0E2-840736D30E20}.Release|Any CPU.ActiveCfg = Release|Any CPU
		{D8BAEBDD-CEB3-4F63-A0E2-840736D30E20}.Release|Any CPU.Build.0 = Release|Any CPU
	EndGlobalSection
	GlobalSection(SolutionProperties) = preSolution
		HideSolutionNode = FALSE
	EndGlobalSection
	GlobalSection(ExtensibilityGlobals) = postSolution
		SolutionGuid = {C30DD83D-2B2C-46D7-8F13-5C2C2306DBC1}
	EndGlobalSection
EndGlobal
