
Microsoft Visual Studio Solution File, Format Version 12.00
# Visual Studio Version 17
VisualStudioVersion = 17.11.35208.52
MinimumVisualStudioVersion = 10.0.40219.1
Project("{FAE04EC0-301F-11D3-BF4B-00C04F79EFBC}") = "CST-150-Activity-6-TicTacToe", "CST-150-Activity-6-TicTacToe\CST-150-Activity-6-TicTacToe.csproj", "{DC8D277F-DB5E-4967-9A0E-203CA1713735}"
EndProject
Global
	GlobalSection(SolutionConfigurationPlatforms) = preSolution
		Debug|Any CPU = Debug|Any CPU
		Release|Any CPU = Release|Any CPU
	EndGlobalSection
	GlobalSection(ProjectConfigurationPlatforms) = postSolution
		{DC8D277F-DB5E-4967-9A0E-203CA1713735}.Debug|Any CPU.ActiveCfg = Debug|Any CPU
		{DC8D277F-DB5E-4967-9A0E-203CA1713735}.Debug|Any CPU.Build.0 = Debug|Any CPU
		{DC8D277F-DB5E-4967-9A0E-203CA1713735}.Release|Any CPU.ActiveCfg = Release|Any CPU
		{DC8D277F-DB5E-4967-9A0E-203CA1713735}.Release|Any CPU.Build.0 = Release|Any CPU
	EndGlobalSection
	GlobalSection(SolutionProperties) = preSolution
		HideSolutionNode = FALSE
	EndGlobalSection
	GlobalSection(ExtensibilityGlobals) = postSolution
		SolutionGuid = {9934CBFE-E8FC-445C-AD4E-07871B031E74}
	EndGlobalSection
EndGlobal
